version: '1.3'
images:
  local: 01-coding-template:0.1.16
  full: 01-coding-template:0.1.16@sha256:b6778e86067ca02d99e68575f0c207582fc8cf0d5c28444cae62893498922de9
  pushed: null
build:
  generatedAt: 2026-04-09T16:07:28.425218+00:00Z
  hudVersion: 0.5.35
  directory: 01-coding-template
  version: 0.1.16
  platform: linux/amd64
  baseImage: ubuntu:24.04
  sourceHash: ec8d1b99c2cbde9d40253ee90264fce1b4f94b909720df912af1a8b8249b4413
  sourceFiles:
  - Dockerfile.hud
  - pyproject.toml
environment:
  initializeMs: 3233
  toolCount: 2
  internalToolCount: 0
  variables:
    _note: You can edit this section to add or modify environment variables. Provided
      variables will be used when running the environment.
    required:
    - ANTHROPIC_API_KEY
    - HUD_API_KEY
tools:
- name: bash
  description: Execute bash commands in a persistent shell session
  inputSchema:
    additionalProperties: false
    properties:
      command:
        anyOf:
        - type: string
        - type: 'null'
        default: null
      restart:
        default: false
        type: boolean
    type: object
- name: edit
  description: View, create, and edit files with undo support
  inputSchema:
    additionalProperties: false
    properties:
      command:
        enum:
        - view
        - create
        - str_replace
        - insert
        - undo_edit
        type: string
      path:
        type: string
      file_text:
        anyOf:
        - type: string
        - type: 'null'
        default: null
      view_range:
        anyOf:
        - items:
            type: integer
          type: array
        - type: 'null'
        default: null
      old_str:
        anyOf:
        - type: string
        - type: 'null'
        default: null
      new_str:
        anyOf:
        - type: string
        - type: 'null'
        default: null
      insert_line:
        anyOf:
        - type: integer
        - type: 'null'
        default: null
    required:
    - command
    - path
    type: object
prompts:
- name: mario-claire:coding-task
  description: "[Setup] General coding task scenario.\n\n    Sets up a blank workspace,\
    \ presents the prompt, then grades using\n    deterministic bash checks (typically:\
    \ run tests from the original repo).\n\n    Args:\n        prompt: The task instruction\
    \ shown to the agent.\n        bash_checks: List of {\"name\": str, \"command\"\
    : str, \"weight\": float}\n                     dicts for deterministic shell-based\
    \ grading.\n        validate_mode: Used by validation (baseline_fail / golden_pass).\n\
    \    "
  arguments: &id003
  - name: prompt
    required: true
    description: null
    type: string
  - name: bash_checks
    required: false
    description: null
    default: null
    inputSchema: &id001
      anyOf:
      - items:
          additionalProperties: true
          type: object
        type: array
      - type: 'null'
  - name: validate_mode
    required: false
    description: null
    default: null
    inputSchema: &id002
      anyOf:
      - enum:
        - baseline_fail
        - golden_pass
        type: string
      - type: 'null'
  meta:
    code: "@env.scenario(\"coding-task\", required_env_vars=[\"HUD_API_KEY\"])\nasync\
      \ def coding_task(\n    prompt: str,\n    bash_checks: list[dict] | None = None,\n\
      \    validate_mode: ValidateMode | None = None,\n):\n    \"\"\"General coding\
      \ task scenario.\n\n    Sets up a blank workspace, presents the prompt, then\
      \ grades using\n    deterministic bash checks (typically: run tests from the\
      \ original repo).\n\n    Args:\n        prompt: The task instruction shown to\
      \ the agent.\n        bash_checks: List of {\"name\": str, \"command\": str,\
      \ \"weight\": float}\n                     dicts for deterministic shell-based\
      \ grading.\n        validate_mode: Used by validation (baseline_fail / golden_pass).\n\
      \    \"\"\"\n    from hud.native.graders import BashGrader, Grade\n    from\
      \ hud.tools.types import SubScore\n\n    os.makedirs(WORKSPACE_DIR, exist_ok=True)\n\
      \n    answer = yield make_prompt(prompt)\n\n    graders = []\n\n    if bash_checks:\n\
      \        for check in bash_checks:\n            graders.append(\n          \
      \      BashGrader.grade(\n                    name=check[\"name\"],\n      \
      \              weight=check.get(\"weight\", 1.0),\n                    command=check[\"\
      command\"],\n                )\n            )\n\n    if not graders:\n     \
      \   graders.append(SubScore(name=\"no_graders_defined\", value=0.0, weight=1.0))\n\
      \n    yield await Grade.gather(*graders)\n"
    arguments:
    - name: prompt
      required: true
      type: string
    - name: bash_checks
      required: false
      default: null
      inputSchema: *id001
    - name: validate_mode
      required: false
      default: null
      inputSchema: *id002
    required_env_vars:
    - HUD_API_KEY
    fastmcp:
      tags: []
resources:
- uri: mario-claire:coding-task
  name: coding-task
  description: "[Evaluate] General coding task scenario.\n\n    Sets up a blank workspace,\
    \ presents the prompt, then grades using\n    deterministic bash checks (typically:\
    \ run tests from the original repo).\n\n    Args:\n        prompt: The task instruction\
    \ shown to the agent.\n        bash_checks: List of {\"name\": str, \"command\"\
    : str, \"weight\": float}\n                     dicts for deterministic shell-based\
    \ grading.\n        validate_mode: Used by validation (baseline_fail / golden_pass).\n\
    \    "
  mime_type: application/json
  meta:
    code: "@env.scenario(\"coding-task\", required_env_vars=[\"HUD_API_KEY\"])\nasync\
      \ def coding_task(\n    prompt: str,\n    bash_checks: list[dict] | None = None,\n\
      \    validate_mode: ValidateMode | None = None,\n):\n    \"\"\"General coding\
      \ task scenario.\n\n    Sets up a blank workspace, presents the prompt, then\
      \ grades using\n    deterministic bash checks (typically: run tests from the\
      \ original repo).\n\n    Args:\n        prompt: The task instruction shown to\
      \ the agent.\n        bash_checks: List of {\"name\": str, \"command\": str,\
      \ \"weight\": float}\n                     dicts for deterministic shell-based\
      \ grading.\n        validate_mode: Used by validation (baseline_fail / golden_pass).\n\
      \    \"\"\"\n    from hud.native.graders import BashGrader, Grade\n    from\
      \ hud.tools.types import SubScore\n\n    os.makedirs(WORKSPACE_DIR, exist_ok=True)\n\
      \n    answer = yield make_prompt(prompt)\n\n    graders = []\n\n    if bash_checks:\n\
      \        for check in bash_checks:\n            graders.append(\n          \
      \      BashGrader.grade(\n                    name=check[\"name\"],\n      \
      \              weight=check.get(\"weight\", 1.0),\n                    command=check[\"\
      command\"],\n                )\n            )\n\n    if not graders:\n     \
      \   graders.append(SubScore(name=\"no_graders_defined\", value=0.0, weight=1.0))\n\
      \n    yield await Grade.gather(*graders)\n"
    arguments:
    - name: prompt
      required: true
      type: string
    - name: bash_checks
      required: false
      default: null
      inputSchema:
        anyOf:
        - items:
            additionalProperties: true
            type: object
          type: array
        - type: 'null'
    - name: validate_mode
      required: false
      default: null
      inputSchema:
        anyOf:
        - enum:
          - baseline_fail
          - golden_pass
          type: string
        - type: 'null'
    required_env_vars:
    - HUD_API_KEY
    fastmcp:
      tags: []
scenarios:
- id: mario-claire:coding-task
  env: mario-claire
  name: coding-task
  setup_description: "[Setup] General coding task scenario.\n\n    Sets up a blank\
    \ workspace, presents the prompt, then grades using\n    deterministic bash checks\
    \ (typically: run tests from the original repo).\n\n    Args:\n        prompt:\
    \ The task instruction shown to the agent.\n        bash_checks: List of {\"name\"\
    : str, \"command\": str, \"weight\": float}\n                     dicts for deterministic\
    \ shell-based grading.\n        validate_mode: Used by validation (baseline_fail\
    \ / golden_pass)."
  arguments: *id003
  has_setup_prompt: true
  has_evaluate_resource: true
  code: "@env.scenario(\"coding-task\", required_env_vars=[\"HUD_API_KEY\"])\nasync\
    \ def coding_task(\n    prompt: str,\n    bash_checks: list[dict] | None = None,\n\
    \    validate_mode: ValidateMode | None = None,\n):\n    \"\"\"General coding\
    \ task scenario.\n\n    Sets up a blank workspace, presents the prompt, then grades\
    \ using\n    deterministic bash checks (typically: run tests from the original\
    \ repo).\n\n    Args:\n        prompt: The task instruction shown to the agent.\n\
    \        bash_checks: List of {\"name\": str, \"command\": str, \"weight\": float}\n\
    \                     dicts for deterministic shell-based grading.\n        validate_mode:\
    \ Used by validation (baseline_fail / golden_pass).\n    \"\"\"\n    from hud.native.graders\
    \ import BashGrader, Grade\n    from hud.tools.types import SubScore\n\n    os.makedirs(WORKSPACE_DIR,\
    \ exist_ok=True)\n\n    answer = yield make_prompt(prompt)\n\n    graders = []\n\
    \n    if bash_checks:\n        for check in bash_checks:\n            graders.append(\n\
    \                BashGrader.grade(\n                    name=check[\"name\"],\n\
    \                    weight=check.get(\"weight\", 1.0),\n                    command=check[\"\
    command\"],\n                )\n            )\n\n    if not graders:\n       \
    \ graders.append(SubScore(name=\"no_graders_defined\", value=0.0, weight=1.0))\n\
    \n    yield await Grade.gather(*graders)\n"
  evaluate_description: "[Evaluate] General coding task scenario.\n\n    Sets up a\
    \ blank workspace, presents the prompt, then grades using\n    deterministic bash\
    \ checks (typically: run tests from the original repo).\n\n    Args:\n       \
    \ prompt: The task instruction shown to the agent.\n        bash_checks: List\
    \ of {\"name\": str, \"command\": str, \"weight\": float}\n                  \
    \   dicts for deterministic shell-based grading.\n        validate_mode: Used\
    \ by validation (baseline_fail / golden_pass)."
